// !$*UTF8*$!
{
	archiveVersion = 1;
	classes = {
	};
	objectVersion = 50;
	objects = {

/* Begin PBXBuildFile section */
		8632E4CC222AE42200FE4E57 /* LocalWebAssets in Resources */ = {isa = PBXBuildFile; fileRef = 8632E4CB222AE42200FE4E57 /* LocalWebAssets */; };
		86ADADBD222A7162006BE546 /* AppDelegate.swift in Sources */ = {isa = PBXBuildFile; fileRef = 86ADADBC222A7162006BE546 /* AppDelegate.swift */; };
		86ADADBF222A7162006BE546 /* ViewController.swift in Sources */ = {isa = PBXBuildFile; fileRef = 86ADADBE222A7162006BE546 /* ViewController.swift */; };
		86ADADC2222A7162006BE546 /* Main.storyboard in Resources */ = {isa = PBXBuildFile; fileRef = 86ADADC0222A7162006BE546 /* Main.storyboard */; };
		86ADADC4222A7164006BE546 /* Assets.xcassets in Resources */ = {isa = PBXBuildFile; fileRef = 86ADADC3222A7164006BE546 /* Assets.xcassets */; };
		86ADADC7222A7164006BE546 /* LaunchScreen.storyboard in Resources */ = {isa = PBXBuildFile; fileRef = 86ADADC5222A7164006BE546 /* LaunchScreen.storyboard */; };
		86ADADCF222ADB8E006BE546 /* WebViewWrapper.swift in Sources */ = {isa = PBXBuildFile; fileRef = 86ADADCE222ADB8E006BE546 /* WebViewWrapper.swift */; };
/* End PBXBuildFile section */

/* Begin PBXFileReference section */
		8632E4CB222AE42200FE4E57 /* LocalWebAssets */ = {isa = PBXFileReference; lastKnownFileType = folder; path = LocalWebAssets; sourceTree = "<group>"; };
		86ADADB9222A7162006BE546 /* WKWebViewLocalAssets.app */ = {isa = PBXFileReference; explicitFileType = wrapper.application; includeInIndex = 0; path = WKWebViewLocalAssets.app; sourceTree = BUILT_PRODUCTS_DIR; };
		86ADADBC222A7162006BE546 /* AppDelegate.swift */ = {isa = PBXFileReference; lastKnownFileType = sourcecode.swift; path = AppDelegate.swift; sourceTree = "<group>"; };
		86ADADBE222A7162006BE546 /* ViewController.swift */ = {isa = PBXFileReference; lastKnownFileType = sourcecode.swift; path = ViewController.swift; sourceTree = "<group>"; };
		86ADADC1222A7162006BE546 /* Base */ = {isa = PBXFileReference; lastKnownFileType = file.storyboard; name = Base; path = Base.lproj/Main.storyboard; sourceTree = "<group>"; };
		86ADADC3222A7164006BE546 /* Assets.xcassets */ = {isa = PBXFileReference; lastKnownFileType = folder.assetcatalog; path = Assets.xcassets; sourceTree = "<group>"; };
		86ADADC6222A7164006BE546 /* Base */ = {isa = PBXFileReference; lastKnownFileType = file.storyboard; name = Base; path = Base.lproj/LaunchScreen.storyboard; sourceTree = "<group>"; };
		86ADADC8222A7164006BE546 /* Info.plist */ = {isa = PBXFileReference; lastKnownFileType = text.plist.xml; path = Info.plist; sourceTree = "<group>"; };
		86ADADCE222ADB8E006BE546 /* WebViewWrapper.swift */ = {isa = PBXFileReference; lastKnownFileType = sourcecode.swift; path = WebViewWrapper.swift; sourceTree = "<group>"; };
/* End PBXFileReference section */

/* Begin PBXFrameworksBuildPhase section */
		86ADADB6222A7162006BE546 /* Frameworks */ = {
			isa = PBXFrameworksBuildPhase;
			buildActionMask = 2147483647;
			files = (
			);
			runOnlyForDeploymentPostprocessing = 0;
		};
/* End PBXFrameworksBuildPhase section */

/* Begin PBXGroup section */
		86ADADB0222A7162006BE546 = {
			isa = PBXGroup;
			children = (
				86ADADBB222A7162006BE546 /* WKWebViewLocalAssets */,
				86ADADBA222A7162006BE546 /* Products */,
			);
			sourceTree = "<group>";
		};
		86ADADBA222A7162006BE546 /* Products */ = {
			isa = PBXGroup;
			children = (
				86ADADB9222A7162006BE546 /* WKWebViewLocalAssets.app */,
			);
			name = Products;
			sourceTree = "<group>";
		};
		86ADADBB222A7162006BE546 /* WKWebViewLocalAssets */ = {
			isa = PBXGroup;
			children = (
				86ADADBC222A7162006BE546 /* AppDelegate.swift */,
				86ADADBE222A7162006BE546 /* ViewController.swift */,
				86ADADC0222A7162006BE546 /* Main.storyboard */,
				86ADADCE222ADB8E006BE546 /* WebViewWrapper.swift */,
				86ADADC3222A7164006BE546 /* Assets.xcassets */,
				86ADADC5222A7164006BE546 /* LaunchScreen.storyboard */,
				86ADADC8222A7164006BE546 /* Info.plist */,
				8632E4CB222AE42200FE4E57 /* LocalWebAssets */,
			);
			path = WKWebViewLocalAssets;
			sourceTree = "<group>";
		};
/* End PBXGroup section */

/* Begin PBXNativeTarget section */
		86ADADB8222A7162006BE546 /* WKWebViewLocalAssets */ = {
			isa = PBXNativeTarget;
			buildConfigurationList = 86ADADCB222A7164006BE546 /* Build configuration list for PBXNativeTarget "WKWebViewLocalAssets" */;
			buildPhases = (
				86ADADB5222A7162006BE546 /* Sources */,
				86ADADB6222A7162006BE546 /* Frameworks */,
				86ADADB7222A7162006BE546 /* Resources */,
			);
			buildRules = (
			);
			dependencies = (
			);
			name = WKWebViewLocalAssets;
			productName = WKWebViewLocalAssets;
			productReference = 86ADADB9222A7162006BE546 /* WKWebViewLocalAssets.app */;
			productType = "com.apple.product-type.application";
		};
/* End PBXNativeTarget section */

/* Begin PBXProject section */
		86ADADB1222A7162006BE546 /* Project object */ = {
			isa = PBXProject;
			attributes = {
				LastSwiftUpdateCheck = 1010;
				LastUpgradeCheck = 1010;
				ORGANIZATIONNAME = "Sergey Vasilevkin";
				TargetAttributes = {
					86ADADB8222A7162006BE546 = {
						CreatedOnToolsVersion = 10.1;
					};
				};
			};
			buildConfigurationList = 86ADADB4222A7162006BE546 /* Build configuration list for PBXProject "WKWebViewLocalAssets" */;
			compatibilityVersion = "Xcode 9.3";
			developmentRegion = en;
			hasScannedForEncodings = 0;
			knownRegions = (
				en,
				Base,
			);
			mainGroup = 86ADADB0222A7162006BE546;
			productRefGroup = 86ADADBA222A7162006BE546 /* Products */;
			projectDirPath = "";
			projectRoot = "";
			targets = (
				86ADADB8222A7162006BE546 /* WKWebViewLocalAssets */,
			);
		};
/* End PBXProject section */

/* Begin PBXResourcesBuildPhase section */
		86ADADB7222A7162006BE546 /* Resources */ = {
			isa = PBXResourcesBuildPhase;
			buildActionMask = 2147483647;
			files = (
				86ADADC7222A7164006BE546 /* LaunchScreen.storyboard in Resources */,
				86ADADC4222A7164006BE546 /* Assets.xcassets in Resources */,
				8632E4CC222AE42200FE4E57 /* LocalWebAssets in Resources */,
				86ADADC2222A7162006BE546 /* Main.storyboard in Resources */,
			);
			runOnlyForDeploymentPostprocessing = 0;
		};
/* End PBXResourcesBuildPhase section */

/* Begin PBXSourcesBuildPhase section */
		86ADADB5222A7162006BE546 /* Sources */ = {
			isa = PBXSourcesBuildPhase;
			buildActionMask = 2147483647;
			files = (
				86ADADBF222A7162006BE546 /* ViewController.swift in Sources */,
				86ADADBD222A7162006BE546 /* AppDelegate.swift in Sources */,
				86ADADCF222ADB8E006BE546 /* WebViewWrapper.swift in Sources */,
			);
			runOnlyForDeploymentPostprocessing = 0;
		};
/* End PBXSourcesBuildPhase section */

/* Begin PBXVariantGroup section */
		86ADADC0222A7162006BE546 /* Main.storyboard */ = {
			isa = PBXVariantGroup;
			children = (
				86ADADC1222A7162006BE546 /* Base */,
			);
			name = Main.storyboard;
			sourceTree = "<group>";
		};
		86ADADC5222A7164006BE546 /* LaunchScreen.storyboard */ = {
			isa = PBXVariantGroup;
			children = (
				86ADADC6222A7164006BE546 /* Base */,
			);
			name = LaunchScreen.storyboard;
			sourceTree = "<group>";
		};
/* End PBXVariantGroup section */

/* Begin XCBuildConfiguration section */
		86ADADC9222A7164006BE546 /* Debug */ = {
			isa = XCBuildConfiguration;
			buildSettings = {
				ALWAYS_SEARCH_USER_PATHS = NO;
				CLANG_ANALYZER_NONNULL = YES;
				CLANG_ANALYZER_NUMBER_OBJECT_CONVERSION = YES_AGGRESSIVE;
				CLANG_CXX_LANGUAGE_STANDARD = "gnu++14";
				CLANG_CXX_LIBRARY = "libc++";
				CLANG_ENABLE_MODULES = YES;
				CLANG_ENABLE_OBJC_ARC = YES;
				CLANG_ENABLE_OBJC_WEAK = YES;
				CLANG_WARN_BLOCK_CAPTURE_AUTORELEASING = YES;
				CLANG_WARN_BOOL_CONVERSION = YES;
				CLANG_WARN_COMMA = YES;
				CLANG_WARN_CONSTANT_CONVERSION = YES;
				CLANG_WARN_DEPRECATED_OBJC_IMPLEMENTATIONS = YES;
				CLANG_WARN_DIRECT_OBJC_ISA_USAGE = YES_ERROR;
				CLANG_WARN_DOCUMENTATION_COMMENTS = YES;
				CLANG_WARN_EMPTY_BODY = YES;
				CLANG_WARN_ENUM_CONVERSION = YES;
				CLANG_WARN_INFINITE_RECURSION = YES;
				CLANG_WARN_INT_CONVERSION = YES;
				CLANG_WARN_NON_LITERAL_NULL_CONVERSION = YES;
				CLANG_WARN_OBJC_IMPLICIT_RETAIN_SELF = YES;
				CLANG_WARN_OBJC_LITERAL_CONVERSION = YES;
				CLANG_WARN_OBJC_ROOT_CLASS = YES_ERROR;
				CLANG_WARN_RANGE_LOOP_ANALYSIS = YES;
				CLANG_WARN_STRICT_PROTOTYPES = YES;
				CLANG_WARN_SUSPICIOUS_MOVE = YES;
				CLANG_WARN_UNGUARDED_AVAILABILITY = YES_AGGRESSIVE;
				CLANG_WARN_UNREACHABLE_CODE = YES;
				CLANG_WARN__DUPLICATE_METHOD_MATCH = YES;
				CODE_SIGN_IDENTITY = "iPhone Developer";
				COPY_PHASE_STRIP = NO;
				DEBUG_INFORMATION_FORMAT = dwarf;
				ENABLE_STRICT_OBJC_MSGSEND = YES;
				ENABLE_TESTABILITY = YES;
				GCC_C_LANGUAGE_STANDARD = gnu11;
				GCC_DYNAMIC_NO_PIC = NO;
				GCC_NO_COMMON_BLOCKS = YES;
				GCC_OPTIMIZATION_LEVEL = 0;
				GCC_PREPROCESSOR_DEFINITIONS = (
					"DEBUG=1",
					"$(inherited)",
				);
				GCC_WARN_64_TO_32_BIT_CONVERSION = YES;
				GCC_WARN_ABOUT_RETURN_TYPE = YES_ERROR;
				GCC_WARN_UNDECLARED_SELECTOR = YES;
				GCC_WARN_UNINITIALIZED_AUTOS = YES_AGGRESSIVE;
				GCC_WARN_UNUSED_FUNCTION = YES;
				GCC_WARN_UNUSED_VARIABLE = YES;
				IPHONEOS_DEPLOYMENT_TARGET = 12.1;
				MTL_ENABLE_DEBUG_INFO = INCLUDE_SOURCE;
				MTL_FAST_MATH = YES;
				ONLY_ACTIVE_ARCH = YES;
				SDKROOT = iphoneos;
				SWIFT_ACTIVE_COMPILATION_CONDITIONS = DEBUG;
				SWIFT_OPTIMIZATION_LEVEL = "-Onone";
			};
			name = Debug;
		};
		86ADADCA222A7164006BE546 /* Release */ = {
			isa = XCBuildConfiguration;
			buildSettings = {
				ALWAYS_SEARCH_USER_PATHS = NO;
				CLANG_ANALYZER_NONNULL = YES;
				CLANG_ANALYZER_NUMBER_OBJECT_CONVERSION = YES_AGGRESSIVE;
				CLANG_CXX_LANGUAGE_STANDARD = "gnu++14";
				CLANG_CXX_LIBRARY = "libc++";
				CLANG_ENABLE_MODULES = YES;
				CLANG_ENABLE_OBJC_ARC = YES;
				CLANG_ENABLE_OBJC_WEAK = YES;
				CLANG_WARN_BLOCK_CAPTURE_AUTORELEASING = YES;
				CLANG_WARN_BOOL_CONVERSION = YES;
				CLANG_WARN_COMMA = YES;
				CLANG_WARN_CONSTANT_CONVERSION = YES;
				CLANG_WARN_DEPRECATED_OBJC_IMPLEMENTATIONS = YES;
				CLANG_WARN_DIRECT_OBJC_ISA_USAGE = YES_ERROR;
				CLANG_WARN_DOCUMENTATION_COMMENTS = YES;
				CLANG_WARN_EMPTY_BODY = YES;
				CLANG_WARN_ENUM_CONVERSION = YES;
				CLANG_WARN_INFINITE_RECURSION = YES;
				CLANG_WARN_INT_CONVERSION = YES;
				CLANG_WARN_NON_LITERAL_NULL_CONVERSION = YES;
				CLANG_WARN_OBJC_IMPLICIT_RETAIN_SELF = YES;
				CLANG_WARN_OBJC_LITERAL_CONVERSION = YES;
				CLANG_WARN_OBJC_ROOT_CLASS = YES_ERROR;
				CLANG_WARN_RANGE_LOOP_ANALYSIS = YES;
				CLANG_WARN_STRICT_PROTOTYPES = YES;
				CLANG_WARN_SUSPICIOUS_MOVE = YES;
				CLANG_WARN_UNGUARDED_AVAILABILITY = YES_AGGRESSIVE;
				CLANG_WARN_UNREACHABLE_CODE = YES;
				CLANG_WARN__DUPLICATE_METHOD_MATCH = YES;
				CODE_SIGN_IDENTITY = "iPhone Developer";
				COPY_PHASE_STRIP = NO;
				DEBUG_INFORMATION_FORMAT = "dwarf-with-dsym";
				ENABLE_NS_ASSERTIONS = NO;
				ENABLE_STRICT_OBJC_MSGSEND = YES;
				GCC_C_LANGUAGE_STANDARD = gnu11;
				GCC_NO_COMMON_BLOCKS = YES;
				GCC_WARN_64_TO_32_BIT_CONVERSION = YES;
				GCC_WARN_ABOUT_RETURN_TYPE = YES_ERROR;
				GCC_WARN_UNDECLARED_SELECTOR = YES;
				GCC_WARN_UNINITIALIZED_AUTOS = YES_AGGRESSIVE;
				GCC_WARN_UNUSED_FUNCTION = YES;
				GCC_WARN_UNUSED_VARIABLE = YES;
				IPHONEOS_DEPLOYMENT_TARGET = 12.1;
				MTL_ENABLE_DEBUG_INFO = NO;
				MTL_FAST_MATH = YES;
				SDKROOT = iphoneos;
				SWIFT_COMPILATION_MODE = wholemodule;
				SWIFT_OPTIMIZATION_LEVEL = "-O";
				VALIDATE_PRODUCT = YES;
			};
			name = Release;
		};
		86ADADCC222A7164006BE546 /* Debug */ = {
			isa = XCBuildConfiguration;
			buildSettings = {
				ASSETCATALOG_COMPILER_APPICON_NAME = AppIcon;
				CODE_SIGN_STYLE = Automatic;
				INFOPLIST_FILE = WKWebViewLocalAssets/Info.plist;
				LD_RUNPATH_SEARCH_PATHS = (
					"$(inherited)",
					"@executable_path/Frameworks",
				);
				PRODUCT_BUNDLE_IDENTIFIER = SergeyVasilevkin.WKWebViewLocalAssets;
				PRODUCT_NAME = "$(TARGET_NAME)";
				SWIFT_VERSION = 4.2;
				TARGETED_DEVICE_FAMILY = "1,2";
			};
			name = Debug;
		};
		86ADADCD222A7164006BE546 /* Release */ = {
			isa = XCBuildConfiguration;
			buildSettings = {
				ASSETCATALOG_COMPILER_APPICON_NAME = AppIcon;
				CODE_SIGN_STYLE = Automatic;
				INFOPLIST_FILE = WKWebViewLocalAssets/Info.plist;
				LD_RUNPATH_SEARCH_PATHS = (
					"$(inherited)",
					"@executable_path/Frameworks",
				);
				PRODUCT_BUNDLE_IDENTIFIER = SergeyVasilevkin.WKWebViewLocalAssets;
				PRODUCT_NAME = "$(TARGET_NAME)";
				SWIFT_VERSION = 4.2;
				TARGETED_DEVICE_FAMILY = "1,2";
			};
			name = Release;
		};
/* End XCBuildConfiguration section */

/* Begin XCConfigurationList section */
		86ADADB4222A7162006BE546 /* Build configuration list for PBXProject "WKWebViewLocalAssets" */ = {
			isa = XCConfigurationList;
			buildConfigurations = (
				86ADADC9222A7164006BE546 /* Debug */,
				86ADADCA222A7164006BE546 /* Release */,
			);
			defaultConfigurationIsVisible = 0;
			defaultConfigurationName = Release;
		};
		86ADADCB222A7164006BE546 /* Build configuration list for PBXNativeTarget "WKWebViewLocalAssets" */ = {
			isa = XCConfigurationList;
			buildConfigurations = (
				86ADADCC222A7164006BE546 /* Debug */,
				86ADADCD222A7164006BE546 /* Release */,
			);
			defaultConfigurationIsVisible = 0;
			defaultConfigurationName = Release;
		};
/* End XCConfigurationList section */
	};
	rootObject = 86ADADB1222A7162006BE546 /* Project object */;
}
